
Microsoft Visual Studio Solution File, Format Version 12.00
# Visual Studio Version 16
VisualStudioVersion = 16.0.30804.86
MinimumVisualStudioVersion = 10.0.40219.1
Project("{FAE04EC0-301F-11D3-BF4B-00C04F79EFBC}") = "MoneyTracker_durmaz", "MoneyTracker_durmaz\MoneyTracker_durmaz.csproj", "{EBF559E0-E5BB-4585-B865-994D9C0A7706}"
EndProject
Global
	GlobalSection(SolutionConfigurationPlatforms) = preSolution
		Debug|Any CPU = Debug|Any CPU
		Release|Any CPU = Release|Any CPU
	EndGlobalSection
	GlobalSection(ProjectConfigurationPlatforms) = postSolution
		{EBF559E0-E5BB-4585-B865-994D9C0A7706}.Debug|Any CPU.ActiveCfg = Debug|Any CPU
		{EBF559E0-E5BB-4585-B865-994D9C0A7706}.Debug|Any CPU.Build.0 = Debug|Any CPU
		{EBF559E0-E5BB-4585-B865-994D9C0A7706}.Release|Any CPU.ActiveCfg = Release|Any CPU
		{EBF559E0-E5BB-4585-B865-994D9C0A7706}.Release|Any CPU.Build.0 = Release|Any CPU
	EndGlobalSection
	GlobalSection(SolutionProperties) = preSolution
		HideSolutionNode = FALSE
	EndGlobalSection
	GlobalSection(ExtensibilityGlobals) = postSolution
		SolutionGuid = {1D86CFDE-CD58-4854-915F-277043A0B796}
	EndGlobalSection
EndGlobal
